
Microsoft Visual Studio Solution File, Format Version 12.00
# Visual Studio 14
VisualStudioVersion = 14.0.24720.0
MinimumVisualStudioVersion = 10.0.40219.1
Project("{FAE04EC0-301F-11D3-BF4B-00C04F79EFBC}") = "Akuna.PriceService", "Akuna.PriceService\Akuna.PriceService.csproj", "{39AEE1DC-A374-489B-9EBF-51B4F7740603}"
EndProject
Project("{FAE04EC0-301F-11D3-BF4B-00C04F79EFBC}") = "Akuna.PriceTestDriver", "Akuna.PriceTestDriver\Akuna.PriceTestDriver.csproj", "{A2E80120-8996-410E-AF92-33E47F547EE2}"
EndProject
Project("{FAE04EC0-301F-11D3-BF4B-00C04F79EFBC}") = "kun.PriceUI", "kun.PriceUI\kun.PriceUI.csproj", "{F3E2AB65-21CE-4085-A63C-24C72816F1DB}"
EndProject
Project("{FAE04EC0-301F-11D3-BF4B-00C04F79EFBC}") = "kun.PriceUITest", "kun.PriceUITest\kun.PriceUITest.csproj", "{11885F1C-102A-444F-A294-72EDA2580CB2}"
EndProject
Project("{FAE04EC0-301F-11D3-BF4B-00C04F79EFBC}") = "kun.Infrastructure", "kun.Infrastructure\kun.Infrastructure.csproj", "{E5D3581E-A40C-48B5-B41A-8BDE4FDA04F3}"
EndProject
Global
	GlobalSection(SolutionConfigurationPlatforms) = preSolution
		Debug|Any CPU = Debug|Any CPU
		Debug|Mixed Platforms = Debug|Mixed Platforms
		Debug|x86 = Debug|x86
		Release|Any CPU = Release|Any CPU
		Release|Mixed Platforms = Release|Mixed Platforms
		Release|x86 = Release|x86
	EndGlobalSection
	GlobalSection(ProjectConfigurationPlatforms) = postSolution
		{39AEE1DC-A374-489B-9EBF-51B4F7740603}.Debug|Any CPU.ActiveCfg = Debug|Any CPU
		{39AEE1DC-A374-489B-9EBF-51B4F7740603}.Debug|Any CPU.Build.0 = Debug|Any CPU
		{39AEE1DC-A374-489B-9EBF-51B4F7740603}.Debug|Mixed Platforms.ActiveCfg = Debug|Any CPU
		{39AEE1DC-A374-489B-9EBF-51B4F7740603}.Debug|Mixed Platforms.Build.0 = Debug|Any CPU
		{39AEE1DC-A374-489B-9EBF-51B4F7740603}.Debug|x86.ActiveCfg = Debug|Any CPU
		{39AEE1DC-A374-489B-9EBF-51B4F7740603}.Release|Any CPU.ActiveCfg = Release|Any CPU
		{39AEE1DC-A374-489B-9EBF-51B4F7740603}.Release|Any CPU.Build.0 = Release|Any CPU
		{39AEE1DC-A374-489B-9EBF-51B4F7740603}.Release|Mixed Platforms.ActiveCfg = Release|Any CPU
		{39AEE1DC-A374-489B-9EBF-51B4F7740603}.Release|Mixed Platforms.Build.0 = Release|Any CPU
		{39AEE1DC-A374-489B-9EBF-51B4F7740603}.Release|x86.ActiveCfg = Release|Any CPU
		{A2E80120-8996-410E-AF92-33E47F547EE2}.Debug|Any CPU.ActiveCfg = Debug|x86
		{A2E80120-8996-410E-AF92-33E47F547EE2}.Debug|Mixed Platforms.ActiveCfg = Debug|x86
		{A2E80120-8996-410E-AF92-33E47F547EE2}.Debug|Mixed Platforms.Build.0 = Debug|x86
		{A2E80120-8996-410E-AF92-33E47F547EE2}.Debug|x86.ActiveCfg = Debug|x86
		{A2E80120-8996-410E-AF92-33E47F547EE2}.Debug|x86.Build.0 = Debug|x86
		{A2E80120-8996-410E-AF92-33E47F547EE2}.Release|Any CPU.ActiveCfg = Release|x86
		{A2E80120-8996-410E-AF92-33E47F547EE2}.Release|Mixed Platforms.ActiveCfg = Release|x86
		{A2E80120-8996-410E-AF92-33E47F547EE2}.Release|Mixed Platforms.Build.0 = Release|x86
		{A2E80120-8996-410E-AF92-33E47F547EE2}.Release|x86.ActiveCfg = Release|x86
		{A2E80120-8996-410E-AF92-33E47F547EE2}.Release|x86.Build.0 = Release|x86
		{F3E2AB65-21CE-4085-A63C-24C72816F1DB}.Debug|Any CPU.ActiveCfg = Debug|Any CPU
		{F3E2AB65-21CE-4085-A63C-24C72816F1DB}.Debug|Any CPU.Build.0 = Debug|Any CPU
		{F3E2AB65-21CE-4085-A63C-24C72816F1DB}.Debug|Mixed Platforms.ActiveCfg = Debug|Any CPU
		{F3E2AB65-21CE-4085-A63C-24C72816F1DB}.Debug|Mixed Platforms.Build.0 = Debug|Any CPU
		{F3E2AB65-21CE-4085-A63C-24C72816F1DB}.Debug|x86.ActiveCfg = Debug|Any CPU
		{F3E2AB65-21CE-4085-A63C-24C72816F1DB}.Debug|x86.Build.0 = Debug|Any CPU
		{F3E2AB65-21CE-4085-A63C-24C72816F1DB}.Release|Any CPU.ActiveCfg = Release|Any CPU
		{F3E2AB65-21CE-4085-A63C-24C72816F1DB}.Release|Any CPU.Build.0 = Release|Any CPU
		{F3E2AB65-21CE-4085-A63C-24C72816F1DB}.Release|Mixed Platforms.ActiveCfg = Release|Any CPU
		{F3E2AB65-21CE-4085-A63C-24C72816F1DB}.Release|Mixed Platforms.Build.0 = Release|Any CPU
		{F3E2AB65-21CE-4085-A63C-24C72816F1DB}.Release|x86.ActiveCfg = Release|Any CPU
		{F3E2AB65-21CE-4085-A63C-24C72816F1DB}.Release|x86.Build.0 = Release|Any CPU
		{11885F1C-102A-444F-A294-72EDA2580CB2}.Debug|Any CPU.ActiveCfg = Debug|Any CPU
		{11885F1C-102A-444F-A294-72EDA2580CB2}.Debug|Any CPU.Build.0 = Debug|Any CPU
		{11885F1C-102A-444F-A294-72EDA2580CB2}.Debug|Mixed Platforms.ActiveCfg = Debug|Any CPU
		{11885F1C-102A-444F-A294-72EDA2580CB2}.Debug|Mixed Platforms.Build.0 = Debug|Any CPU
		{11885F1C-102A-444F-A294-72EDA2580CB2}.Debug|x86.ActiveCfg = Debug|Any CPU
		{11885F1C-102A-444F-A294-72EDA2580CB2}.Debug|x86.Build.0 = Debug|Any CPU
		{11885F1C-102A-444F-A294-72EDA2580CB2}.Release|Any CPU.ActiveCfg = Release|Any CPU
		{11885F1C-102A-444F-A294-72EDA2580CB2}.Release|Any CPU.Build.0 = Release|Any CPU
		{11885F1C-102A-444F-A294-72EDA2580CB2}.Release|Mixed Platforms.ActiveCfg = Release|Any CPU
		{11885F1C-102A-444F-A294-72EDA2580CB2}.Release|Mixed Platforms.Build.0 = Release|Any CPU
		{11885F1C-102A-444F-A294-72EDA2580CB2}.Release|x86.ActiveCfg = Release|Any CPU
		{11885F1C-102A-444F-A294-72EDA2580CB2}.Release|x86.Build.0 = Release|Any CPU
		{E5D3581E-A40C-48B5-B41A-8BDE4FDA04F3}.Debug|Any CPU.ActiveCfg = Debug|Any CPU
		{E5D3581E-A40C-48B5-B41A-8BDE4FDA04F3}.Debug|Any CPU.Build.0 = Debug|Any CPU
		{E5D3581E-A40C-48B5-B41A-8BDE4FDA04F3}.Debug|Mixed Platforms.ActiveCfg = Debug|Any CPU
		{E5D3581E-A40C-48B5-B41A-8BDE4FDA04F3}.Debug|Mixed Platforms.Build.0 = Debug|Any CPU
		{E5D3581E-A40C-48B5-B41A-8BDE4FDA04F3}.Debug|x86.ActiveCfg = Debug|Any CPU
		{E5D3581E-A40C-48B5-B41A-8BDE4FDA04F3}.Debug|x86.Build.0 = Debug|Any CPU
		{E5D3581E-A40C-48B5-B41A-8BDE4FDA04F3}.Release|Any CPU.ActiveCfg = Release|Any CPU
		{E5D3581E-A40C-48B5-B41A-8BDE4FDA04F3}.Release|Any CPU.Build.0 = Release|Any CPU
		{E5D3581E-A40C-48B5-B41A-8BDE4FDA04F3}.Release|Mixed Platforms.ActiveCfg = Release|Any CPU
		{E5D3581E-A40C-48B5-B41A-8BDE4FDA04F3}.Release|Mixed Platforms.Build.0 = Release|Any CPU
		{E5D3581E-A40C-48B5-B41A-8BDE4FDA04F3}.Release|x86.ActiveCfg = Release|Any CPU
		{E5D3581E-A40C-48B5-B41A-8BDE4FDA04F3}.Release|x86.Build.0 = Release|Any CPU
	EndGlobalSection
	GlobalSection(SolutionProperties) = preSolution
		HideSolutionNode = FALSE
	EndGlobalSection
EndGlobal
